{
  "version": 4,
  "terraform_version": "0.12.2",
  "serial": 14,
  "lineage": "5fa99eba-aa2d-12aa-2778-2c1e142378ae",
  "outputs": {
    "_instructions": {
      "value": "This output contains plain text. You can add variables too.",
      "type": "string"
    },
    "database_name": {
      "value": "czelatf-db",
      "type": "string"
    },
    "sql_server_fqdn": {
      "value": "czelatf-sqlsvr.database.windows.net",
      "type": "string"
    }
  },
  "resources": [
    {
      "mode": "managed",
      "type": "azurerm_app_service",
      "name": "webapp",
      "provider": "provider.azurerm",
      "instances": [
        {
          "schema_version": 0,
          "attributes": {
            "app_service_plan_id": "/subscriptions/fba6e863-9387-4894-ba18-60bcad20fc3b/resourceGroups/czela-terraform/providers/Microsoft.Web/serverfarms/czelatfservice-plan",
            "app_settings": {
              "WEBSITE_NODE_DEFAULT_VERSION": "6.9.1"
            },
            "auth_settings": [
              {
                "active_directory": [],
                "additional_login_params": {},
                "allowed_external_redirect_urls": [],
                "default_provider": "",
                "enabled": false,
                "facebook": [],
                "google": [],
                "issuer": "",
                "microsoft": [],
                "runtime_version": "",
                "token_refresh_extension_hours": 0,
                "token_store_enabled": false,
                "twitter": [],
                "unauthenticated_client_action": ""
              }
            ],
            "client_affinity_enabled": true,
            "client_cert_enabled": false,
            "connection_string": [],
            "default_site_hostname": "czelatfwebapp.azurewebsites.net",
            "enabled": true,
            "https_only": false,
            "id": "/subscriptions/fba6e863-9387-4894-ba18-60bcad20fc3b/resourceGroups/czela-terraform/providers/Microsoft.Web/sites/czelatfwebapp",
            "identity": [],
            "location": "eastus2",
            "name": "czelatfwebapp",
            "outbound_ip_addresses": "40.70.147.3,52.184.147.122,52.184.178.24,52.184.178.98,52.184.178.93",
            "possible_outbound_ip_addresses": "40.70.147.3,52.184.147.122,52.184.178.24,52.184.178.98,52.184.178.93,52.184.178.126,52.184.145.235,52.184.178.118",
            "resource_group_name": "czela-terraform",
            "site_config": [
              {
                "always_on": false,
                "app_command_line": "",
                "cors": [
                  {
                    "allowed_origins": [],
                    "support_credentials": false
                  }
                ],
                "default_documents": null,
                "dotnet_framework_version": "v4.0",
                "ftps_state": "AllAllowed",
                "http2_enabled": false,
                "ip_restriction": [],
                "java_container": "",
                "java_container_version": "",
                "java_version": "",
                "linux_fx_version": "",
                "local_mysql_enabled": false,
                "managed_pipeline_mode": "Integrated",
                "min_tls_version": "1.2",
                "php_version": "",
                "python_version": "",
                "remote_debugging_enabled": false,
                "remote_debugging_version": "VS2017",
                "scm_type": "LocalGit",
                "use_32_bit_worker_process": false,
                "virtual_network_name": "",
                "websockets_enabled": false,
                "windows_fx_version": ""
              }
            ],
            "site_credential": [
              {
                "password": "ZjoojaX1y52njl8vrepwoYmgq6Eb0zpg0ErqfFdsnfxPczJicFxJDoX4W7he",
                "username": "$czelatfwebapp"
              }
            ],
            "source_control": [
              {
                "branch": "master",
                "repo_url": "https://czelatfwebapp.scm.azurewebsites.net"
              }
            ],
            "tags": {
              "createdBy": "Terraform"
            }
          },
          "private": "bnVsbA==",
          "depends_on": [
            "azurerm_app_service_plan.service_plan",
            "azurerm_resource_group.tf_azure_provisioning"
          ]
        }
      ]
    },
    {
      "mode": "managed",
      "type": "azurerm_app_service_plan",
      "name": "service_plan",
      "provider": "provider.azurerm",
      "instances": [
        {
          "schema_version": 0,
          "attributes": {
            "app_service_environment_id": null,
            "id": "/subscriptions/fba6e863-9387-4894-ba18-60bcad20fc3b/resourceGroups/czela-terraform/providers/Microsoft.Web/serverfarms/czelatfservice-plan",
            "is_xenon": false,
            "kind": "Windows",
            "location": "eastus2",
            "maximum_elastic_worker_count": 1,
            "maximum_number_of_workers": 10,
            "name": "czelatfservice-plan",
            "per_site_scaling": false,
            "properties": [
              {
                "app_service_environment_id": "",
                "per_site_scaling": false,
                "reserved": false
              }
            ],
            "reserved": false,
            "resource_group_name": "czela-terraform",
            "sku": [
              {
                "capacity": 1,
                "size": "S1",
                "tier": "Standard"
              }
            ],
            "tags": {
              "createdBy": "Terraform"
            }
          },
          "private": "bnVsbA==",
          "depends_on": [
            "azurerm_resource_group.tf_azure_provisioning"
          ]
        }
      ]
    },
    {
      "mode": "managed",
      "type": "azurerm_cdn_endpoint",
      "name": "cdn",
      "provider": "provider.azurerm",
      "instances": [
        {
          "schema_version": 0,
          "attributes": {
            "content_types_to_compress": [],
            "geo_filter": [],
            "host_name": "czelatf-cdn.azureedge.net",
            "id": "/subscriptions/fba6e863-9387-4894-ba18-60bcad20fc3b/resourcegroups/czela-terraform/providers/Microsoft.Cdn/profiles/czelatf-cdn/endpoints/czelatf-cdn",
            "is_compression_enabled": false,
            "is_http_allowed": true,
            "is_https_allowed": true,
            "location": "eastus2",
            "name": "czelatf-cdn",
            "optimization_type": "",
            "origin": [
              {
                "host_name": "www.example.com",
                "http_port": 80,
                "https_port": 443,
                "name": "czelatforigin1"
              }
            ],
            "origin_host_header": "",
            "origin_path": "",
            "probe_path": "",
            "profile_name": "czelatf-cdn",
            "querystring_caching_behaviour": "IgnoreQueryString",
            "resource_group_name": "czela-terraform",
            "tags": {}
          },
          "private": "bnVsbA==",
          "depends_on": [
            "azurerm_cdn_profile.cdn",
            "azurerm_resource_group.tf_azure_provisioning"
          ]
        }
      ]
    },
    {
      "mode": "managed",
      "type": "azurerm_cdn_profile",
      "name": "cdn",
      "provider": "provider.azurerm",
      "instances": [
        {
          "schema_version": 0,
          "attributes": {
            "id": "/subscriptions/fba6e863-9387-4894-ba18-60bcad20fc3b/resourcegroups/czela-terraform/providers/Microsoft.Cdn/profiles/czelatf-cdn",
            "location": "eastus2",
            "name": "czelatf-cdn",
            "resource_group_name": "czela-terraform",
            "sku": "Standard_Akamai",
            "tags": {}
          },
          "private": "bnVsbA==",
          "depends_on": [
            "azurerm_resource_group.tf_azure_provisioning"
          ]
        }
      ]
    },
    {
      "mode": "managed",
      "type": "azurerm_key_vault",
      "name": "key_vault",
      "provider": "provider.azurerm",
      "instances": [
        {
          "schema_version": 1,
          "attributes": {
            "access_policy": [
              {
                "application_id": "",
                "certificate_permissions": null,
                "key_permissions": [
                  "get"
                ],
                "object_id": "b2473646-4b20-4c53-bc0c-1015dcd81e5c",
                "secret_permissions": [
                  "get"
                ],
                "storage_permissions": [
                  "get"
                ],
                "tenant_id": "5d93ebcc-f769-4380-8b7e-289fc972da1b"
              }
            ],
            "enabled_for_deployment": false,
            "enabled_for_disk_encryption": true,
            "enabled_for_template_deployment": false,
            "id": "/subscriptions/fba6e863-9387-4894-ba18-60bcad20fc3b/resourceGroups/czela-terraform/providers/Microsoft.KeyVault/vaults/czelatfkeyvault",
            "location": "eastus2",
            "name": "czelatfkeyvault",
            "network_acls": [
              {
                "bypass": "AzureServices",
                "default_action": "Deny",
                "ip_rules": null,
                "virtual_network_subnet_ids": null
              }
            ],
            "resource_group_name": "czela-terraform",
            "sku": [
              {
                "name": "standard"
              }
            ],
            "tags": {
              "createdBy": "Terraform"
            },
            "tenant_id": "5d93ebcc-f769-4380-8b7e-289fc972da1b",
            "vault_uri": "https://czelatfkeyvault.vault.azure.net/"
          },
          "private": "eyJzY2hlbWFfdmVyc2lvbiI6IjEifQ==",
          "depends_on": [
            "azurerm_resource_group.tf_azure_provisioning"
          ]
        }
      ]
    },
    {
      "mode": "managed",
      "type": "azurerm_log_analytics_solution",
      "name": "container_insight",
      "provider": "provider.azurerm",
      "instances": [
        {
          "schema_version": 0,
          "attributes": {
            "id": "/subscriptions/fba6e863-9387-4894-ba18-60bcad20fc3b/resourcegroups/czela-terraform/providers/Microsoft.OperationsManagement/solutions/ContainerInsights(czelatfloganalytics)",
            "location": "eastus2",
            "plan": [
              {
                "name": "ContainerInsights(czelatfloganalytics)",
                "product": "OMSGallery/ContainerInsights",
                "promotion_code": "",
                "publisher": "Microsoft"
              }
            ],
            "resource_group_name": "czela-terraform",
            "solution_name": "ContainerInsights",
            "workspace_name": "czelatfloganalytics",
            "workspace_resource_id": "/subscriptions/fba6e863-9387-4894-ba18-60bcad20fc3b/resourcegroups/czela-terraform/providers/Microsoft.OperationalInsights/workspaces/czelatfloganalytics"
          },
          "private": "bnVsbA==",
          "depends_on": [
            "azurerm_log_analytics_workspace.log_analytics",
            "azurerm_resource_group.tf_azure_provisioning"
          ]
        }
      ]
    },
    {
      "mode": "managed",
      "type": "azurerm_log_analytics_workspace",
      "name": "log_analytics",
      "provider": "provider.azurerm",
      "instances": [
        {
          "schema_version": 0,
          "attributes": {
            "id": "/subscriptions/fba6e863-9387-4894-ba18-60bcad20fc3b/resourcegroups/czela-terraform/providers/microsoft.operationalinsights/workspaces/czelatfloganalytics",
            "location": "eastus2",
            "name": "czelatfloganalytics",
            "portal_url": "",
            "primary_shared_key": "9KXFmGgibRrQlOSkDTsum0vozUcJWbva7ivJdE78Cb+kLqUyQ52lAAxAENWSt6eJ8J0bfKlBoZsVmpl6Ei3iyw==",
            "resource_group_name": "czela-terraform",
            "retention_in_days": 30,
            "secondary_shared_key": "vCJ/Xy6gCU1M3tY8cxujYoXTa+xDVj2gTTke5MgmHzPHTMirw4z7F9vgrmQr0CO7uXz7jOyjODJIvFPg73zDgw==",
            "sku": "standalone",
            "tags": {
              "createdBy": "Terraform"
            },
            "workspace_id": "45268a3c-6976-480a-9c30-6e287459a90d"
          },
          "private": "bnVsbA==",
          "depends_on": [
            "azurerm_resource_group.tf_azure_provisioning"
          ]
        }
      ]
    },
    {
      "mode": "managed",
      "type": "azurerm_log_analytics_workspace_linked_service",
      "name": "key_vault_logan",
      "provider": "provider.azurerm",
      "instances": []
    },
    {
      "mode": "managed",
      "type": "azurerm_logic_app_workflow",
      "name": "logic_app",
      "provider": "provider.azurerm",
      "instances": [
        {
          "schema_version": 0,
          "attributes": {
            "access_endpoint": "https://prod-44.eastus2.logic.azure.com:443/workflows/ced1165c2cca4a68af1880dce1300cbf",
            "id": "/subscriptions/fba6e863-9387-4894-ba18-60bcad20fc3b/resourceGroups/czela-terraform/providers/Microsoft.Logic/workflows/czelatflogicapp",
            "location": "eastus2",
            "name": "czelatflogicapp",
            "parameters": null,
            "resource_group_name": "czela-terraform",
            "tags": {},
            "workflow_schema": "https://schema.management.azure.com/providers/Microsoft.Logic/schemas/2016-06-01/workflowdefinition.json#",
            "workflow_version": "1.0.0.0"
          },
          "private": "bnVsbA==",
          "depends_on": [
            "azurerm_resource_group.tf_azure_provisioning"
          ]
        }
      ]
    },
    {
      "mode": "managed",
      "type": "azurerm_redis_cache",
      "name": "redis",
      "provider": "provider.azurerm",
      "instances": []
    },
    {
      "mode": "managed",
      "type": "azurerm_resource_group",
      "name": "tf_azure_provisioning",
      "provider": "provider.azurerm",
      "instances": [
        {
          "schema_version": 0,
          "attributes": {
            "id": "/subscriptions/fba6e863-9387-4894-ba18-60bcad20fc3b/resourceGroups/czela-terraform",
            "location": "eastus2",
            "name": "czela-terraform",
            "tags": {}
          },
          "private": "bnVsbA=="
        }
      ]
    },
    {
      "mode": "managed",
      "type": "azurerm_sql_database",
      "name": "sql_db",
      "provider": "provider.azurerm",
      "instances": [
        {
          "schema_version": 0,
          "attributes": {
            "collation": "SQL_Latin1_General_CP1_CI_AS",
            "create_mode": "Default",
            "creation_date": "2019-06-24T06:00:00.53Z",
            "default_secondary_location": "Central US",
            "edition": "Basic",
            "elastic_pool_name": "",
            "encryption": "",
            "id": "/subscriptions/fba6e863-9387-4894-ba18-60bcad20fc3b/resourceGroups/czela-terraform/providers/Microsoft.Sql/servers/czelatf-sqlsvr/databases/czelatf-db",
            "import": [],
            "location": "eastus2",
            "max_size_bytes": "2147483648",
            "name": "czelatf-db",
            "read_scale": false,
            "requested_service_objective_id": "dd6d99bb-f193-4ec1-86f2-43d3bccbc49c",
            "requested_service_objective_name": "Basic",
            "resource_group_name": "czela-terraform",
            "restore_point_in_time": null,
            "server_name": "czelatf-sqlsvr",
            "source_database_deletion_date": null,
            "source_database_id": null,
            "tags": {},
            "threat_detection_policy": [
              {
                "disabled_alerts": [],
                "email_account_admins": "Disabled",
                "email_addresses": [],
                "retention_days": 0,
                "state": "Disabled",
                "storage_account_access_key": "",
                "storage_endpoint": "",
                "use_server_default": "Disabled"
              }
            ]
          },
          "private": "bnVsbA==",
          "depends_on": [
            "azurerm_resource_group.tf_azure_provisioning",
            "azurerm_sql_server.sql_server"
          ]
        }
      ]
    },
    {
      "mode": "managed",
      "type": "azurerm_sql_server",
      "name": "sql_server",
      "provider": "provider.azurerm",
      "instances": [
        {
          "schema_version": 0,
          "attributes": {
            "administrator_login": "4dm1n157r470r",
            "administrator_login_password": "4-v3ry-53cr37-p455w0rd",
            "fully_qualified_domain_name": "czelatf-sqlsvr.database.windows.net",
            "id": "/subscriptions/fba6e863-9387-4894-ba18-60bcad20fc3b/resourceGroups/czela-terraform/providers/Microsoft.Sql/servers/czelatf-sqlsvr",
            "location": "eastus2",
            "name": "czelatf-sqlsvr",
            "resource_group_name": "czela-terraform",
            "tags": {},
            "version": "12.0"
          },
          "private": "bnVsbA==",
          "depends_on": [
            "azurerm_resource_group.tf_azure_provisioning"
          ]
        }
      ]
    },
    {
      "mode": "managed",
      "type": "azurerm_storage_account",
      "name": "stor",
      "provider": "provider.azurerm",
      "instances": [
        {
          "schema_version": 2,
          "attributes": {
            "access_tier": "",
            "account_encryption_source": "Microsoft.Storage",
            "account_kind": "Storage",
            "account_replication_type": "LRS",
            "account_tier": "Standard",
            "account_type": "Standard_LRS",
            "custom_domain": [],
            "enable_blob_encryption": true,
            "enable_file_encryption": true,
            "enable_https_traffic_only": false,
            "id": "/subscriptions/fba6e863-9387-4894-ba18-60bcad20fc3b/resourceGroups/czela-terraform/providers/Microsoft.Storage/storageAccounts/storaccts",
            "identity": [],
            "is_hns_enabled": false,
            "location": "eastus2",
            "name": "storaccts",
            "network_rules": [],
            "primary_access_key": "GaldRNvL4JYcs4JGv/5e8KAzjOfY07KCRHuBrIpkK4PcD3imagDZZa/QTLYQvTzugl4o68BEpPnU3vkxEY3szA==",
            "primary_blob_connection_string": "DefaultEndpointsProtocol=https;BlobEndpoint=https://storaccts.blob.core.windows.net/;AccountName=storaccts;AccountKey=GaldRNvL4JYcs4JGv/5e8KAzjOfY07KCRHuBrIpkK4PcD3imagDZZa/QTLYQvTzugl4o68BEpPnU3vkxEY3szA==",
            "primary_blob_endpoint": "https://storaccts.blob.core.windows.net/",
            "primary_blob_host": "storaccts.blob.core.windows.net",
            "primary_connection_string": "DefaultEndpointsProtocol=https;AccountName=storaccts;AccountKey=GaldRNvL4JYcs4JGv/5e8KAzjOfY07KCRHuBrIpkK4PcD3imagDZZa/QTLYQvTzugl4o68BEpPnU3vkxEY3szA==;EndpointSuffix=core.windows.net",
            "primary_dfs_endpoint": "",
            "primary_dfs_host": "",
            "primary_file_endpoint": "https://storaccts.file.core.windows.net/",
            "primary_file_host": "storaccts.file.core.windows.net",
            "primary_location": "eastus2",
            "primary_queue_endpoint": "https://storaccts.queue.core.windows.net/",
            "primary_queue_host": "storaccts.queue.core.windows.net",
            "primary_table_endpoint": "https://storaccts.table.core.windows.net/",
            "primary_table_host": "storaccts.table.core.windows.net",
            "primary_web_endpoint": "",
            "primary_web_host": "",
            "resource_group_name": "czela-terraform",
            "secondary_access_key": "Ooz5b6X73x1PO9fLAibB3NxSDEo+wlqdeXMDhm0eT7/FdkgnWelQ0L4pj3nJUijBPC0vx65/AIQlAgAqXyDh7Q==",
            "secondary_blob_connection_string": "",
            "secondary_blob_endpoint": null,
            "secondary_blob_host": null,
            "secondary_connection_string": "DefaultEndpointsProtocol=https;AccountName=storaccts;AccountKey=Ooz5b6X73x1PO9fLAibB3NxSDEo+wlqdeXMDhm0eT7/FdkgnWelQ0L4pj3nJUijBPC0vx65/AIQlAgAqXyDh7Q==;EndpointSuffix=core.windows.net",
            "secondary_dfs_endpoint": null,
            "secondary_dfs_host": null,
            "secondary_file_endpoint": null,
            "secondary_file_host": null,
            "secondary_location": "",
            "secondary_queue_endpoint": null,
            "secondary_queue_host": null,
            "secondary_table_endpoint": null,
            "secondary_table_host": null,
            "secondary_web_endpoint": null,
            "secondary_web_host": null,
            "tags": {}
          },
          "private": "eyJzY2hlbWFfdmVyc2lvbiI6IjIifQ==",
          "depends_on": [
            "azurerm_resource_group.tf_azure_provisioning"
          ]
        }
      ]
    },
    {
      "mode": "managed",
      "type": "azurerm_subnet",
      "name": "subnet",
      "provider": "provider.azurerm",
      "instances": [
        {
          "schema_version": 0,
          "attributes": {
            "address_prefix": "10.0.10.0/24",
            "delegation": [],
            "id": "/subscriptions/fba6e863-9387-4894-ba18-60bcad20fc3b/resourceGroups/czela-terraform/providers/Microsoft.Network/virtualNetworks/vnet/subnets/czelatfsubnet",
            "ip_configurations": [],
            "name": "czelatfsubnet",
            "network_security_group_id": "",
            "resource_group_name": "czela-terraform",
            "route_table_id": "",
            "service_endpoints": null,
            "virtual_network_name": "vnet"
          },
          "private": "bnVsbA==",
          "depends_on": [
            "azurerm_resource_group.tf_azure_provisioning",
            "azurerm_virtual_network.vnet"
          ]
        }
      ]
    },
    {
      "mode": "managed",
      "type": "azurerm_virtual_network",
      "name": "vnet",
      "provider": "provider.azurerm",
      "instances": [
        {
          "schema_version": 0,
          "attributes": {
            "address_space": [
              "10.0.0.0/16"
            ],
            "ddos_protection_plan": [],
            "dns_servers": null,
            "id": "/subscriptions/fba6e863-9387-4894-ba18-60bcad20fc3b/resourceGroups/czela-terraform/providers/Microsoft.Network/virtualNetworks/vnet",
            "location": "eastus2",
            "name": "vnet",
            "resource_group_name": "czela-terraform",
            "subnet": [],
            "tags": {
              "createdBy": "Terraform"
            }
          },
          "private": "bnVsbA==",
          "depends_on": [
            "azurerm_resource_group.tf_azure_provisioning"
          ]
        }
      ]
    }
  ]
}
